{
    "name": "vue-tabular",
    "version": "0.1.0",
    "lockfileVersion": 3,
    "requires": true,
    "packages": {
        "": {
            "name": "vue-tabular",
            "version": "0.1.0",
            "dependencies": {
                "itertools": "^2.6.0"
            }
        },
        "node_modules/itertools": {
            "version": "2.6.0",
            "resolved": "https://registry.npmjs.org/itertools/-/itertools-2.6.0.tgz",
            "integrity": "sha512-nCqtnZTEGq8Bcs+W3kqdYL77tV6sGuQCA1WvKeA8L5Bx+BUMWcyHfJTCY38yNf51EE0/uB9UQHB84AM1j+djIw==",
            "license": "MIT"
        }
    }
}
